# This file is automatically @generated by Cargo.
# It is not intended for manual editing.
version = 3

[[package]]
name = "afs-cli"
version = "0.1.0"
dependencies = [
 "afs-core",
 "afs-notion",
 "afs-store",
]

[[package]]
name = "afs-connector"
version = "0.1.0"
dependencies = [
 "afs-core",
]

[[package]]
name = "afs-core"
version = "0.1.0"

[[package]]
name = "afs-notion"
version = "0.1.0"
dependencies = [
 "afs-connector",
 "afs-core",
]

[[package]]
name = "afs-store"
version = "0.1.0"
dependencies = [
 "afs-core",
]

[[package]]
name = "afsd"
version = "0.1.0"
dependencies = [
 "afs-connector",
 "afs-core",
 "afs-store",
]
